
Microsoft Visual Studio Solution File, Format Version 12.00
# Visual Studio Version 17
VisualStudioVersion = 17.5.002.0
MinimumVisualStudioVersion = 10.0.40219.1
Project("{9A19103F-16F7-4668-BE54-9A1E7A4F7556}") = "Ejercicio", "Ejercicio\Ejercicio.csproj", "{7C8DD0CB-7AA0-4566-A57D-F8E6617FC6BF}"
EndProject
Project("{9A19103F-16F7-4668-BE54-9A1E7A4F7556}") = "Library", "Library\Library.csproj", "{B2EBF023-D718-4F0F-BC52-8EEBAF3F131A}"
EndProject
Global
	GlobalSection(SolutionConfigurationPlatforms) = preSolution
		Debug|Any CPU = Debug|Any CPU
		Release|Any CPU = Release|Any CPU
	EndGlobalSection
	GlobalSection(ProjectConfigurationPlatforms) = postSolution
		{7C8DD0CB-7AA0-4566-A57D-F8E6617FC6BF}.Debug|Any CPU.ActiveCfg = Debug|Any CPU
		{7C8DD0CB-7AA0-4566-A57D-F8E6617FC6BF}.Debug|Any CPU.Build.0 = Debug|Any CPU
		{7C8DD0CB-7AA0-4566-A57D-F8E6617FC6BF}.Release|Any CPU.ActiveCfg = Release|Any CPU
		{7C8DD0CB-7AA0-4566-A57D-F8E6617FC6BF}.Release|Any CPU.Build.0 = Release|Any CPU
		{B2EBF023-D718-4F0F-BC52-8EEBAF3F131A}.Debug|Any CPU.ActiveCfg = Debug|Any CPU
		{B2EBF023-D718-4F0F-BC52-8EEBAF3F131A}.Debug|Any CPU.Build.0 = Debug|Any CPU
		{B2EBF023-D718-4F0F-BC52-8EEBAF3F131A}.Release|Any CPU.ActiveCfg = Release|Any CPU
		{B2EBF023-D718-4F0F-BC52-8EEBAF3F131A}.Release|Any CPU.Build.0 = Release|Any CPU
	EndGlobalSection
	GlobalSection(SolutionProperties) = preSolution
		HideSolutionNode = FALSE
	EndGlobalSection
	GlobalSection(ExtensibilityGlobals) = postSolution
		SolutionGuid = {B0285735-C41F-4793-AA86-F924ABFE0C1C}
	EndGlobalSection
EndGlobal
